
Microsoft Visual Studio Solution File, Format Version 12.00
# Visual Studio 15
VisualStudioVersion = 15.0.28010.2041
MinimumVisualStudioVersion = 10.0.40219.1
Project("{159641D6-6404-4A2A-AE62-294DE0FE8301}") = "imdbSISS", "imdbSISS\imdbSISS.dtproj", "{7D94829D-17E1-4E24-B5D5-AEBF3FEF0037}"
EndProject
Global
	GlobalSection(SolutionConfigurationPlatforms) = preSolution
		Development|Default = Development|Default
	EndGlobalSection
	GlobalSection(ProjectConfigurationPlatforms) = postSolution
		{7D94829D-17E1-4E24-B5D5-AEBF3FEF0037}.Development|Default.ActiveCfg = Development
		{7D94829D-17E1-4E24-B5D5-AEBF3FEF0037}.Development|Default.Build.0 = Development
	EndGlobalSection
	GlobalSection(SolutionProperties) = preSolution
		HideSolutionNode = FALSE
	EndGlobalSection
	GlobalSection(ExtensibilityGlobals) = postSolution
		SolutionGuid = {E6AC09AB-FF32-4554-8656-90AE5AB63B9B}
	EndGlobalSection
EndGlobal
